
Microsoft Visual Studio Solution File, Format Version 12.00
# Visual Studio Version 17
VisualStudioVersion = 17.14.36518.9
MinimumVisualStudioVersion = 10.0.40219.1
Project("{FAE04EC0-301F-11D3-BF4B-00C04F79EFBC}") = "BookLending", "BookLendingService\BookLending.csproj", "{E406067C-0D3E-4976-9AD1-B46393D24877}"
EndProject
Project("{FAE04EC0-301F-11D3-BF4B-00C04F79EFBC}") = "BookLendingInfra", "BookLendingInfra\BookLendingInfra.csproj", "{2DBAFD91-16D9-4458-804F-7279C6AE5D43}"
EndProject
Project("{FAE04EC0-301F-11D3-BF4B-00C04F79EFBC}") = "BookLending.Tests", "BookLending.Tests\BookLending.Tests.csproj", "{4BE7986D-EEC6-45EE-916A-580867CAFC27}"
EndProject
Global
	GlobalSection(SolutionConfigurationPlatforms) = preSolution
		Debug|Any CPU = Debug|Any CPU
		Release|Any CPU = Release|Any CPU
	EndGlobalSection
	GlobalSection(ProjectConfigurationPlatforms) = postSolution
		{E406067C-0D3E-4976-9AD1-B46393D24877}.Debug|Any CPU.ActiveCfg = Debug|Any CPU
		{E406067C-0D3E-4976-9AD1-B46393D24877}.Debug|Any CPU.Build.0 = Debug|Any CPU
		{E406067C-0D3E-4976-9AD1-B46393D24877}.Release|Any CPU.ActiveCfg = Release|Any CPU
		{E406067C-0D3E-4976-9AD1-B46393D24877}.Release|Any CPU.Build.0 = Release|Any CPU
		{2DBAFD91-16D9-4458-804F-7279C6AE5D43}.Debug|Any CPU.ActiveCfg = Debug|Any CPU
		{2DBAFD91-16D9-4458-804F-7279C6AE5D43}.Debug|Any CPU.Build.0 = Debug|Any CPU
		{2DBAFD91-16D9-4458-804F-7279C6AE5D43}.Release|Any CPU.ActiveCfg = Release|Any CPU
		{2DBAFD91-16D9-4458-804F-7279C6AE5D43}.Release|Any CPU.Build.0 = Release|Any CPU
		{4BE7986D-EEC6-45EE-916A-580867CAFC27}.Debug|Any CPU.ActiveCfg = Debug|Any CPU
		{4BE7986D-EEC6-45EE-916A-580867CAFC27}.Debug|Any CPU.Build.0 = Debug|Any CPU
		{4BE7986D-EEC6-45EE-916A-580867CAFC27}.Release|Any CPU.ActiveCfg = Release|Any CPU
		{4BE7986D-EEC6-45EE-916A-580867CAFC27}.Release|Any CPU.Build.0 = Release|Any CPU
	EndGlobalSection
	GlobalSection(SolutionProperties) = preSolution
		HideSolutionNode = FALSE
	EndGlobalSection
	GlobalSection(ExtensibilityGlobals) = postSolution
		SolutionGuid = {28785950-50FA-4B19-9A51-0DA272851A84}
	EndGlobalSection
EndGlobal
